
Microsoft Visual Studio Solution File, Format Version 12.00
# Visual Studio Version 17
VisualStudioVersion = 17.0.31903.59
MinimumVisualStudioVersion = 10.0.40219.1
Project("{2150E333-8FDC-42A3-9474-1A3956D46DE8}") = "src", "src", "{827E0CD3-B72D-47B6-A68D-7590B98EB39B}"
EndProject
Project("{2150E333-8FDC-42A3-9474-1A3956D46DE8}") = "Domain", "Domain", "{8B290487-4C16-E85E-E807-F579CBE9FC4D}"
EndProject
Project("{FAE04EC0-301F-11D3-BF4B-00C04F79EFBC}") = "LocalFinanceManager.Domain", "src\Domain\LocalFinanceManager.Domain.csproj", "{7DAFAC32-F99D-4977-9BFA-CE7BF457FA1F}"
EndProject
Project("{2150E333-8FDC-42A3-9474-1A3956D46DE8}") = "Application", "Application", "{22BAF98C-8415-17C4-B26A-D537657BC863}"
EndProject
Project("{FAE04EC0-301F-11D3-BF4B-00C04F79EFBC}") = "LocalFinanceManager.Application", "src\Application\LocalFinanceManager.Application.csproj", "{5DD15E40-2FE9-4805-977A-E1C7FF85904A}"
EndProject
Project("{2150E333-8FDC-42A3-9474-1A3956D46DE8}") = "Infrastructure", "Infrastructure", "{9048EB7F-3875-A59E-E36B-5BD4C6F2A282}"
EndProject
Project("{FAE04EC0-301F-11D3-BF4B-00C04F79EFBC}") = "LocalFinanceManager.Infrastructure", "src\Infrastructure\LocalFinanceManager.Infrastructure.csproj", "{D17AE1B1-69E4-4850-80B7-E7547A2C9AF6}"
EndProject
Project("{2150E333-8FDC-42A3-9474-1A3956D46DE8}") = "Web", "Web", "{03997797-E7F5-0643-168D-B8EA7178C2FE}"
EndProject
Project("{FAE04EC0-301F-11D3-BF4B-00C04F79EFBC}") = "LocalFinanceManager.Web", "src\Web\LocalFinanceManager.Web.csproj", "{D7D7C29E-87FA-4110-BB44-1167DD8ECDA3}"
EndProject
Global
	GlobalSection(SolutionConfigurationPlatforms) = preSolution
		Debug|Any CPU = Debug|Any CPU
		Debug|x64 = Debug|x64
		Debug|x86 = Debug|x86
		Release|Any CPU = Release|Any CPU
		Release|x64 = Release|x64
		Release|x86 = Release|x86
	EndGlobalSection
	GlobalSection(ProjectConfigurationPlatforms) = postSolution
		{7DAFAC32-F99D-4977-9BFA-CE7BF457FA1F}.Debug|Any CPU.ActiveCfg = Debug|Any CPU
		{7DAFAC32-F99D-4977-9BFA-CE7BF457FA1F}.Debug|Any CPU.Build.0 = Debug|Any CPU
		{7DAFAC32-F99D-4977-9BFA-CE7BF457FA1F}.Debug|x64.ActiveCfg = Debug|Any CPU
		{7DAFAC32-F99D-4977-9BFA-CE7BF457FA1F}.Debug|x64.Build.0 = Debug|Any CPU
		{7DAFAC32-F99D-4977-9BFA-CE7BF457FA1F}.Debug|x86.ActiveCfg = Debug|Any CPU
		{7DAFAC32-F99D-4977-9BFA-CE7BF457FA1F}.Debug|x86.Build.0 = Debug|Any CPU
		{7DAFAC32-F99D-4977-9BFA-CE7BF457FA1F}.Release|Any CPU.ActiveCfg = Release|Any CPU
		{7DAFAC32-F99D-4977-9BFA-CE7BF457FA1F}.Release|Any CPU.Build.0 = Release|Any CPU
		{7DAFAC32-F99D-4977-9BFA-CE7BF457FA1F}.Release|x64.ActiveCfg = Release|Any CPU
		{7DAFAC32-F99D-4977-9BFA-CE7BF457FA1F}.Release|x64.Build.0 = Release|Any CPU
		{7DAFAC32-F99D-4977-9BFA-CE7BF457FA1F}.Release|x86.ActiveCfg = Release|Any CPU
		{7DAFAC32-F99D-4977-9BFA-CE7BF457FA1F}.Release|x86.Build.0 = Release|Any CPU
		{5DD15E40-2FE9-4805-977A-E1C7FF85904A}.Debug|Any CPU.ActiveCfg = Debug|Any CPU
		{5DD15E40-2FE9-4805-977A-E1C7FF85904A}.Debug|Any CPU.Build.0 = Debug|Any CPU
		{5DD15E40-2FE9-4805-977A-E1C7FF85904A}.Debug|x64.ActiveCfg = Debug|Any CPU
		{5DD15E40-2FE9-4805-977A-E1C7FF85904A}.Debug|x64.Build.0 = Debug|Any CPU
		{5DD15E40-2FE9-4805-977A-E1C7FF85904A}.Debug|x86.ActiveCfg = Debug|Any CPU
		{5DD15E40-2FE9-4805-977A-E1C7FF85904A}.Debug|x86.Build.0 = Debug|Any CPU
		{5DD15E40-2FE9-4805-977A-E1C7FF85904A}.Release|Any CPU.ActiveCfg = Release|Any CPU
		{5DD15E40-2FE9-4805-977A-E1C7FF85904A}.Release|Any CPU.Build.0 = Release|Any CPU
		{5DD15E40-2FE9-4805-977A-E1C7FF85904A}.Release|x64.ActiveCfg = Release|Any CPU
		{5DD15E40-2FE9-4805-977A-E1C7FF85904A}.Release|x64.Build.0 = Release|Any CPU
		{5DD15E40-2FE9-4805-977A-E1C7FF85904A}.Release|x86.ActiveCfg = Release|Any CPU
		{5DD15E40-2FE9-4805-977A-E1C7FF85904A}.Release|x86.Build.0 = Release|Any CPU
		{D17AE1B1-69E4-4850-80B7-E7547A2C9AF6}.Debug|Any CPU.ActiveCfg = Debug|Any CPU
		{D17AE1B1-69E4-4850-80B7-E7547A2C9AF6}.Debug|Any CPU.Build.0 = Debug|Any CPU
		{D17AE1B1-69E4-4850-80B7-E7547A2C9AF6}.Debug|x64.ActiveCfg = Debug|Any CPU
		{D17AE1B1-69E4-4850-80B7-E7547A2C9AF6}.Debug|x64.Build.0 = Debug|Any CPU
		{D17AE1B1-69E4-4850-80B7-E7547A2C9AF6}.Debug|x86.ActiveCfg = Debug|Any CPU
		{D17AE1B1-69E4-4850-80B7-E7547A2C9AF6}.Debug|x86.Build.0 = Debug|Any CPU
		{D17AE1B1-69E4-4850-80B7-E7547A2C9AF6}.Release|Any CPU.ActiveCfg = Release|Any CPU
		{D17AE1B1-69E4-4850-80B7-E7547A2C9AF6}.Release|Any CPU.Build.0 = Release|Any CPU
		{D17AE1B1-69E4-4850-80B7-E7547A2C9AF6}.Release|x64.ActiveCfg = Release|Any CPU
		{D17AE1B1-69E4-4850-80B7-E7547A2C9AF6}.Release|x64.Build.0 = Release|Any CPU
		{D17AE1B1-69E4-4850-80B7-E7547A2C9AF6}.Release|x86.ActiveCfg = Release|Any CPU
		{D17AE1B1-69E4-4850-80B7-E7547A2C9AF6}.Release|x86.Build.0 = Release|Any CPU
		{D7D7C29E-87FA-4110-BB44-1167DD8ECDA3}.Debug|Any CPU.ActiveCfg = Debug|Any CPU
		{D7D7C29E-87FA-4110-BB44-1167DD8ECDA3}.Debug|Any CPU.Build.0 = Debug|Any CPU
		{D7D7C29E-87FA-4110-BB44-1167DD8ECDA3}.Debug|x64.ActiveCfg = Debug|Any CPU
		{D7D7C29E-87FA-4110-BB44-1167DD8ECDA3}.Debug|x64.Build.0 = Debug|Any CPU
		{D7D7C29E-87FA-4110-BB44-1167DD8ECDA3}.Debug|x86.ActiveCfg = Debug|Any CPU
		{D7D7C29E-87FA-4110-BB44-1167DD8ECDA3}.Debug|x86.Build.0 = Debug|Any CPU
		{D7D7C29E-87FA-4110-BB44-1167DD8ECDA3}.Release|Any CPU.ActiveCfg = Release|Any CPU
		{D7D7C29E-87FA-4110-BB44-1167DD8ECDA3}.Release|Any CPU.Build.0 = Release|Any CPU
		{D7D7C29E-87FA-4110-BB44-1167DD8ECDA3}.Release|x64.ActiveCfg = Release|Any CPU
		{D7D7C29E-87FA-4110-BB44-1167DD8ECDA3}.Release|x64.Build.0 = Release|Any CPU
		{D7D7C29E-87FA-4110-BB44-1167DD8ECDA3}.Release|x86.ActiveCfg = Release|Any CPU
		{D7D7C29E-87FA-4110-BB44-1167DD8ECDA3}.Release|x86.Build.0 = Release|Any CPU
	EndGlobalSection
	GlobalSection(SolutionProperties) = preSolution
		HideSolutionNode = FALSE
	EndGlobalSection
	GlobalSection(NestedProjects) = preSolution
		{8B290487-4C16-E85E-E807-F579CBE9FC4D} = {827E0CD3-B72D-47B6-A68D-7590B98EB39B}
		{7DAFAC32-F99D-4977-9BFA-CE7BF457FA1F} = {8B290487-4C16-E85E-E807-F579CBE9FC4D}
		{22BAF98C-8415-17C4-B26A-D537657BC863} = {827E0CD3-B72D-47B6-A68D-7590B98EB39B}
		{5DD15E40-2FE9-4805-977A-E1C7FF85904A} = {22BAF98C-8415-17C4-B26A-D537657BC863}
		{9048EB7F-3875-A59E-E36B-5BD4C6F2A282} = {827E0CD3-B72D-47B6-A68D-7590B98EB39B}
		{D17AE1B1-69E4-4850-80B7-E7547A2C9AF6} = {9048EB7F-3875-A59E-E36B-5BD4C6F2A282}
		{03997797-E7F5-0643-168D-B8EA7178C2FE} = {827E0CD3-B72D-47B6-A68D-7590B98EB39B}
		{D7D7C29E-87FA-4110-BB44-1167DD8ECDA3} = {03997797-E7F5-0643-168D-B8EA7178C2FE}
	EndGlobalSection
EndGlobal
